{
  "lockfileVersion": 1,
  "workspaces": {
    "": {
      "name": "games",
      "devDependencies": {
        "@cloudflare/workers-types": "^4.20250612.0",
        "@types/bun": "latest",
      },
      "peerDependencies": {
        "typescript": "^5",
      },
    },
  },
  "packages": {
    "@cloudflare/workers-types": ["@cloudflare/workers-types@4.20250612.0", "", {}, "sha512-3VsbEh0nqOWWH+jsJ2W41Ty6qlN1jQ+4R3lBA3gPor0U6LB3e4OA04jg7wyCyJmikBN6KsBcPRp3kj0es/9q2w=="],

    "@types/bun": ["@types/bun@1.2.16", "", { "dependencies": { "bun-types": "1.2.16" } }, "sha512-1aCZJ/6nSiViw339RsaNhkNoEloLaPzZhxMOYEa7OzRzO41IGg5n/7I43/ZIAW/c+Q6cT12Vf7fOZOoVIzb5BQ=="],

    "@types/node": ["@types/node@24.0.1", "", { "dependencies": { "undici-types": "~7.8.0" } }, "sha512-MX4Zioh39chHlDJbKmEgydJDS3tspMP/lnQC67G3SWsTnb9NeYVWOjkxpOSy4oMfPs4StcWHwBrvUb4ybfnuaw=="],

    "bun-types": ["bun-types@1.2.16", "", { "dependencies": { "@types/node": "*" } }, "sha512-ciXLrHV4PXax9vHvUrkvun9VPVGOVwbbbBF/Ev1cXz12lyEZMoJpIJABOfPcN9gDJRaiKF9MVbSygLg4NXu3/A=="],

    "typescript": ["typescript@5.8.3", "", { "bin": { "tsc": "bin/tsc", "tsserver": "bin/tsserver" } }, "sha512-p1diW6TqL9L07nNxvRMM7hMMw4c5XOo/1ibL4aAIGmSAt9slTE1Xgw5KWuof2uTOvCg9BY7ZRi+GaF+7sfgPeQ=="],

    "undici-types": ["undici-types@7.8.0", "", {}, "sha512-9UJ2xGDvQ43tYyVMpuHlsgApydB8ZKfVYTsLDhXkFL/6gfkp+U8xTGdh8pMJv1SpZna0zxG1DwsKZsreLbXBxw=="],
  }
}
